<Solution>
  <Folder Name="/Apis/">
    <Project Path="Api/src/MqsCleanArchitectureTemplates.Application/MqsCleanArchitectureTemplates.Application.csproj" />
    <Project Path="Api/src/MqsCleanArchitectureTemplates.Domain/MqsCleanArchitectureTemplates.Domain.csproj" />
    <Project Path="Api/src/MqsCleanArchitectureTemplates.Infrastructure/MqsCleanArchitectureTemplates.Infrastructure.csproj" />
    <Project Path="Api/src/MqsCleanArchitectureTemplates.WebApi/MqsCleanArchitectureTemplates.WebApi.csproj" />
  </Folder>
  <Folder Name="/Apps/">
    <Project Path="Apps/MqsCleanArchitectureTemplates.Apps/MqsCleanArchitectureTemplates.Apps.csproj" Id="e81d7e92-60a2-4a86-9847-4332c779e5f9" />
  </Folder>
  <Folder Name="/Tests/">
    <Project Path="Api/tests/BDD/MqsCleanArchitectureTemplates.BDD/MqsCleanArchitectureTemplates.BDD.csproj" />
    <Project Path="Api/tests/IntegrationsTests/MqsCleanArchitectureTemplates.IntegrationsTests/MqsCleanArchitectureTemplates.IntegrationsTests.csproj" />
    <Project Path="Api/tests/TDD/MqsCleanArchitectureTemplates.TDD/MqsCleanArchitectureTemplates.TDD.csproj" />
    <Project Path="Api/tests/Units/MqsCleanArchitectureTemplates.TestsUnit/MqsCleanArchitectureTemplates.TestsUnit.csproj" />
  </Folder>
</Solution>
